
Microsoft Visual Studio Solution File, Format Version 12.00
# Visual Studio Version 16
VisualStudioVersion = 16.0.31624.102
MinimumVisualStudioVersion = 10.0.40219.1
Project("{FAE04EC0-301F-11D3-BF4B-00C04F79EFBC}") = "ZooftVisit.Android", "ZooftVisit\ZooftVisit.Android\ZooftVisit.Android.csproj", "{9B1A0555-22E0-48A5-99FC-91B614ABC5C8}"
EndProject
Project("{FAE04EC0-301F-11D3-BF4B-00C04F79EFBC}") = "ZooftVisit.iOS", "ZooftVisit\ZooftVisit.iOS\ZooftVisit.iOS.csproj", "{4B3576E2-4B43-4A07-9E25-1F43A03EF341}"
EndProject
Project("{FAE04EC0-301F-11D3-BF4B-00C04F79EFBC}") = "ZooftVisit", "ZooftVisit\ZooftVisit\ZooftVisit.csproj", "{C65246DC-A27D-4763-B8DE-DD28905AAC0A}"
EndProject
Global
	GlobalSection(SolutionConfigurationPlatforms) = preSolution
		Debug|Any CPU = Debug|Any CPU
		Debug|iPhone = Debug|iPhone
		Debug|iPhoneSimulator = Debug|iPhoneSimulator
		Release|Any CPU = Release|Any CPU
		Release|iPhone = Release|iPhone
		Release|iPhoneSimulator = Release|iPhoneSimulator
	EndGlobalSection
	GlobalSection(ProjectConfigurationPlatforms) = postSolution
		{9B1A0555-22E0-48A5-99FC-91B614ABC5C8}.Debug|Any CPU.ActiveCfg = Debug|Any CPU
		{9B1A0555-22E0-48A5-99FC-91B614ABC5C8}.Debug|Any CPU.Build.0 = Debug|Any CPU
		{9B1A0555-22E0-48A5-99FC-91B614ABC5C8}.Debug|Any CPU.Deploy.0 = Debug|Any CPU
		{9B1A0555-22E0-48A5-99FC-91B614ABC5C8}.Debug|iPhone.ActiveCfg = Debug|Any CPU
		{9B1A0555-22E0-48A5-99FC-91B614ABC5C8}.Debug|iPhone.Build.0 = Debug|Any CPU
		{9B1A0555-22E0-48A5-99FC-91B614ABC5C8}.Debug|iPhone.Deploy.0 = Debug|Any CPU
		{9B1A0555-22E0-48A5-99FC-91B614ABC5C8}.Debug|iPhoneSimulator.ActiveCfg = Debug|Any CPU
		{9B1A0555-22E0-48A5-99FC-91B614ABC5C8}.Debug|iPhoneSimulator.Build.0 = Debug|Any CPU
		{9B1A0555-22E0-48A5-99FC-91B614ABC5C8}.Debug|iPhoneSimulator.Deploy.0 = Debug|Any CPU
		{9B1A0555-22E0-48A5-99FC-91B614ABC5C8}.Release|Any CPU.ActiveCfg = Release|Any CPU
		{9B1A0555-22E0-48A5-99FC-91B614ABC5C8}.Release|Any CPU.Build.0 = Release|Any CPU
		{9B1A0555-22E0-48A5-99FC-91B614ABC5C8}.Release|Any CPU.Deploy.0 = Release|Any CPU
		{9B1A0555-22E0-48A5-99FC-91B614ABC5C8}.Release|iPhone.ActiveCfg = Release|Any CPU
		{9B1A0555-22E0-48A5-99FC-91B614ABC5C8}.Release|iPhone.Build.0 = Release|Any CPU
		{9B1A0555-22E0-48A5-99FC-91B614ABC5C8}.Release|iPhone.Deploy.0 = Release|Any CPU
		{9B1A0555-22E0-48A5-99FC-91B614ABC5C8}.Release|iPhoneSimulator.ActiveCfg = Release|Any CPU
		{9B1A0555-22E0-48A5-99FC-91B614ABC5C8}.Release|iPhoneSimulator.Build.0 = Release|Any CPU
		{9B1A0555-22E0-48A5-99FC-91B614ABC5C8}.Release|iPhoneSimulator.Deploy.0 = Release|Any CPU
		{4B3576E2-4B43-4A07-9E25-1F43A03EF341}.Debug|Any CPU.ActiveCfg = Debug|iPhone
		{4B3576E2-4B43-4A07-9E25-1F43A03EF341}.Debug|Any CPU.Build.0 = Debug|iPhone
		{4B3576E2-4B43-4A07-9E25-1F43A03EF341}.Debug|Any CPU.Deploy.0 = Debug|iPhone
		{4B3576E2-4B43-4A07-9E25-1F43A03EF341}.Debug|iPhone.ActiveCfg = Debug|iPhone
		{4B3576E2-4B43-4A07-9E25-1F43A03EF341}.Debug|iPhone.Build.0 = Debug|iPhone
		{4B3576E2-4B43-4A07-9E25-1F43A03EF341}.Debug|iPhone.Deploy.0 = Debug|iPhone
		{4B3576E2-4B43-4A07-9E25-1F43A03EF341}.Debug|iPhoneSimulator.ActiveCfg = Debug|iPhoneSimulator
		{4B3576E2-4B43-4A07-9E25-1F43A03EF341}.Debug|iPhoneSimulator.Build.0 = Debug|iPhoneSimulator
		{4B3576E2-4B43-4A07-9E25-1F43A03EF341}.Debug|iPhoneSimulator.Deploy.0 = Debug|iPhoneSimulator
		{4B3576E2-4B43-4A07-9E25-1F43A03EF341}.Release|Any CPU.ActiveCfg = Release|iPhoneSimulator
		{4B3576E2-4B43-4A07-9E25-1F43A03EF341}.Release|Any CPU.Build.0 = Release|iPhoneSimulator
		{4B3576E2-4B43-4A07-9E25-1F43A03EF341}.Release|Any CPU.Deploy.0 = Release|iPhoneSimulator
		{4B3576E2-4B43-4A07-9E25-1F43A03EF341}.Release|iPhone.ActiveCfg = Release|iPhone
		{4B3576E2-4B43-4A07-9E25-1F43A03EF341}.Release|iPhone.Build.0 = Release|iPhone
		{4B3576E2-4B43-4A07-9E25-1F43A03EF341}.Release|iPhone.Deploy.0 = Release|iPhone
		{4B3576E2-4B43-4A07-9E25-1F43A03EF341}.Release|iPhoneSimulator.ActiveCfg = Release|iPhoneSimulator
		{4B3576E2-4B43-4A07-9E25-1F43A03EF341}.Release|iPhoneSimulator.Build.0 = Release|iPhoneSimulator
		{4B3576E2-4B43-4A07-9E25-1F43A03EF341}.Release|iPhoneSimulator.Deploy.0 = Release|iPhoneSimulator
		{C65246DC-A27D-4763-B8DE-DD28905AAC0A}.Debug|Any CPU.ActiveCfg = Debug|Any CPU
		{C65246DC-A27D-4763-B8DE-DD28905AAC0A}.Debug|Any CPU.Build.0 = Debug|Any CPU
		{C65246DC-A27D-4763-B8DE-DD28905AAC0A}.Debug|Any CPU.Deploy.0 = Debug|Any CPU
		{C65246DC-A27D-4763-B8DE-DD28905AAC0A}.Debug|iPhone.ActiveCfg = Debug|Any CPU
		{C65246DC-A27D-4763-B8DE-DD28905AAC0A}.Debug|iPhone.Build.0 = Debug|Any CPU
		{C65246DC-A27D-4763-B8DE-DD28905AAC0A}.Debug|iPhone.Deploy.0 = Debug|Any CPU
		{C65246DC-A27D-4763-B8DE-DD28905AAC0A}.Debug|iPhoneSimulator.ActiveCfg = Debug|Any CPU
		{C65246DC-A27D-4763-B8DE-DD28905AAC0A}.Debug|iPhoneSimulator.Build.0 = Debug|Any CPU
		{C65246DC-A27D-4763-B8DE-DD28905AAC0A}.Debug|iPhoneSimulator.Deploy.0 = Debug|Any CPU
		{C65246DC-A27D-4763-B8DE-DD28905AAC0A}.Release|Any CPU.ActiveCfg = Release|Any CPU
		{C65246DC-A27D-4763-B8DE-DD28905AAC0A}.Release|Any CPU.Build.0 = Release|Any CPU
		{C65246DC-A27D-4763-B8DE-DD28905AAC0A}.Release|Any CPU.Deploy.0 = Release|Any CPU
		{C65246DC-A27D-4763-B8DE-DD28905AAC0A}.Release|iPhone.ActiveCfg = Release|Any CPU
		{C65246DC-A27D-4763-B8DE-DD28905AAC0A}.Release|iPhone.Build.0 = Release|Any CPU
		{C65246DC-A27D-4763-B8DE-DD28905AAC0A}.Release|iPhone.Deploy.0 = Release|Any CPU
		{C65246DC-A27D-4763-B8DE-DD28905AAC0A}.Release|iPhoneSimulator.ActiveCfg = Release|Any CPU
		{C65246DC-A27D-4763-B8DE-DD28905AAC0A}.Release|iPhoneSimulator.Build.0 = Release|Any CPU
		{C65246DC-A27D-4763-B8DE-DD28905AAC0A}.Release|iPhoneSimulator.Deploy.0 = Release|Any CPU
	EndGlobalSection
	GlobalSection(SolutionProperties) = preSolution
		HideSolutionNode = FALSE
	EndGlobalSection
	GlobalSection(ExtensibilityGlobals) = postSolution
		SolutionGuid = {8BFB7B40-BC49-4613-AADE-51E63B4A607B}
	EndGlobalSection
EndGlobal
